
Microsoft Visual Studio Solution File, Format Version 12.00
# Visual Studio Version 17
VisualStudioVersion = 17.8.34511.84
MinimumVisualStudioVersion = 10.0.40219.1
Project("{9A19103F-16F7-4668-BE54-9A1E7A4F7556}") = "etrian_odyssey_ap_patcher", "src\etrian_odyssey_ap_patcher.csproj", "{C7C72B56-0E6B-4905-BB3B-CC29A4044E67}"
EndProject
Global
	GlobalSection(SolutionConfigurationPlatforms) = preSolution
		Debug|Any CPU = Debug|Any CPU
		Release|Any CPU = Release|Any CPU
	EndGlobalSection
	GlobalSection(ProjectConfigurationPlatforms) = postSolution
		{C7C72B56-0E6B-4905-BB3B-CC29A4044E67}.Debug|Any CPU.ActiveCfg = Debug|Any CPU
		{C7C72B56-0E6B-4905-BB3B-CC29A4044E67}.Debug|Any CPU.Build.0 = Debug|Any CPU
		{C7C72B56-0E6B-4905-BB3B-CC29A4044E67}.Release|Any CPU.ActiveCfg = Release|Any CPU
		{C7C72B56-0E6B-4905-BB3B-CC29A4044E67}.Release|Any CPU.Build.0 = Release|Any CPU
	EndGlobalSection
	GlobalSection(SolutionProperties) = preSolution
		HideSolutionNode = FALSE
	EndGlobalSection
	GlobalSection(ExtensibilityGlobals) = postSolution
		SolutionGuid = {D812422D-9F4B-45CE-9069-C5BBFB5D4B90}
	EndGlobalSection
EndGlobal
